
Microsoft Visual Studio Solution File, Format Version 12.00
# Visual Studio Version 17
VisualStudioVersion = 17.8.34525.116
MinimumVisualStudioVersion = 10.0.40219.1
Project("{FAE04EC0-301F-11D3-BF4B-00C04F79EFBC}") = "PromotionApi", "PromotionApi.csproj", "{C828DAB0-809A-4664-93D2-FC5E066FD5B4}"
EndProject
Global
	GlobalSection(SolutionConfigurationPlatforms) = preSolution
		Debug|Any CPU = Debug|Any CPU
		Release|Any CPU = Release|Any CPU
	EndGlobalSection
	GlobalSection(ProjectConfigurationPlatforms) = postSolution
		{C828DAB0-809A-4664-93D2-FC5E066FD5B4}.Debug|Any CPU.ActiveCfg = Debug|Any CPU
		{C828DAB0-809A-4664-93D2-FC5E066FD5B4}.Debug|Any CPU.Build.0 = Debug|Any CPU
		{C828DAB0-809A-4664-93D2-FC5E066FD5B4}.Release|Any CPU.ActiveCfg = Release|Any CPU
		{C828DAB0-809A-4664-93D2-FC5E066FD5B4}.Release|Any CPU.Build.0 = Release|Any CPU
	EndGlobalSection
	GlobalSection(SolutionProperties) = preSolution
		HideSolutionNode = FALSE
	EndGlobalSection
	GlobalSection(ExtensibilityGlobals) = postSolution
		SolutionGuid = {061CE4D6-A6FC-4D2A-96B5-54BAE254274D}
	EndGlobalSection
EndGlobal
